[{<<"et">>,
  {git,"https://github.com/galdor/erl-et.git",
       {ref,"7b55d59e3ef75bbd6ea4126d3855046e639709a6"}},
  0},
 {<<"ksuid">>,
  {git,"https://github.com/exograd/erl-ksuid.git",
       {ref,"26690a3ba91f83e0f0ec5bcf547ca4ac50a8fb5d"}},
  0},
 {<<"uri">>,
  {git,"https://github.com/galdor/erl-uri.git",
       {ref,"aa029e922fa5ad08c0fa9f37968317916a0443b9"}},
  0}].
