[{<<"et">>,
  {git,"https://github.com/galdor/erl-et.git",
       {ref,"c810b2e59a4145fe15d026397b17dcda8787e38f"}},
  0},
 {<<"ksuid">>,
  {git,"https://github.com/exograd/erl-ksuid.git",
       {ref,"26690a3ba91f83e0f0ec5bcf547ca4ac50a8fb5d"}},
  0},
 {<<"uri">>,
  {git,"https://github.com/galdor/erl-uri.git",
       {ref,"0fb5142f8df2193bc472849d7fed1a4858416b37"}},
  0}].
