[{<<"et">>,
  {git,"https://github.com/galdor/erl-et.git",
       {ref,"c810b2e59a4145fe15d026397b17dcda8787e38f"}},
  0},
 {<<"ksuid">>,
  {git,"https://github.com/exograd/erl-ksuid.git",
       {ref,"e7825a66964424197a418010305d8b632725ff7a"}},
  0},
 {<<"uri">>,
  {git,"https://github.com/galdor/erl-uri.git",
       {ref,"0fb5142f8df2193bc472849d7fed1a4858416b37"}},
  0}].
